// !$*UTF8*$!
{
	archiveVersion = 1;
	classes = {
	};
	objectVersion = 46;
	objects = {

/* Begin PBXBuildFile section */
		56B3ECDEA1B84E936C33E18F /* libPods.a in Frameworks */ = {isa = PBXBuildFile; fileRef = 7DBEBBB1236EA90136B6AEC3 /* libPods.a */; };
		717AB80795456660D487091A /* main.m in Sources */ = {isa = PBXBuildFile; fileRef = 5A8A96ECA8F205AFB017D061 /* main.m */; };
		CEF3F771110C64F760AEBABB /* MyTest.m in Sources */ = {isa = PBXBuildFile; fileRef = 2F19123C58A711A9D84C7300 /* MyTest.m */; };
		D342CD761B1FE74200FB135D /* main.m in Sources */ = {isa = PBXBuildFile; fileRef = D342CD751B1FE74200FB135D /* main.m */; };
		D342CD791B1FE74200FB135D /* AppDelegate.m in Sources */ = {isa = PBXBuildFile; fileRef = D342CD781B1FE74200FB135D /* AppDelegate.m */; };
		D342CD811B1FE74200FB135D /* Images.xcassets in Resources */ = {isa = PBXBuildFile; fileRef = D342CD801B1FE74200FB135D /* Images.xcassets */; };
		D342CD841B1FE74200FB135D /* LaunchScreen.xib in Resources */ = {isa = PBXBuildFile; fileRef = D342CD821B1FE74200FB135D /* LaunchScreen.xib */; };
		D342CD901B1FE74200FB135D /* OneMenu_DeliveryTests.m in Sources */ = {isa = PBXBuildFile; fileRef = D342CD8F1B1FE74200FB135D /* OneMenu_DeliveryTests.m */; };
		D342CD9A1B1FE9D100FB135D /* MapKit.framework in Frameworks */ = {isa = PBXBuildFile; fileRef = D342CD991B1FE9D100FB135D /* MapKit.framework */; };
		D342CDAB1B1FEC2900FB135D /* OMDDeliveringViewController.m in Sources */ = {isa = PBXBuildFile; fileRef = D342CDAA1B1FEC2900FB135D /* OMDDeliveringViewController.m */; };
		D342CDAE1B1FED2000FB135D /* OMDDeliveriedViewController.m in Sources */ = {isa = PBXBuildFile; fileRef = D342CDAD1B1FED2000FB135D /* OMDDeliveriedViewController.m */; };
		D342CDB11B208C5100FB135D /* OMDNetworkManager.m in Sources */ = {isa = PBXBuildFile; fileRef = D342CDB01B208C5100FB135D /* OMDNetworkManager.m */; };
		D342CDB41B2090BB00FB135D /* OMDNetworkObjects.m in Sources */ = {isa = PBXBuildFile; fileRef = D342CDB31B2090BB00FB135D /* OMDNetworkObjects.m */; };
		D3C1DB191B20DAB000C941F4 /* OMDCalculateManager.m in Sources */ = {isa = PBXBuildFile; fileRef = D3C1DB181B20DAB000C941F4 /* OMDCalculateManager.m */; };
		D3C1DB1C1B20DAB900C941F4 /* OMDLocationManager.m in Sources */ = {isa = PBXBuildFile; fileRef = D3C1DB1A1B20DAB900C941F4 /* OMDLocationManager.m */; };
		D3C1DB1F1B20DC6300C941F4 /* OMUtility.m in Sources */ = {isa = PBXBuildFile; fileRef = D3C1DB1E1B20DC6300C941F4 /* OMUtility.m */; };
		D3C1DB221B20DC6900C941F4 /* OMSystemConfig.m in Sources */ = {isa = PBXBuildFile; fileRef = D3C1DB211B20DC6900C941F4 /* OMSystemConfig.m */; };
		D3C1DB311B20DD0700C941F4 /* Base64Util.m in Sources */ = {isa = PBXBuildFile; fileRef = D3C1DB251B20DD0700C941F4 /* Base64Util.m */; };
		D3C1DB321B20DD0700C941F4 /* EFundSecUtil.m in Sources */ = {isa = PBXBuildFile; fileRef = D3C1DB271B20DD0700C941F4 /* EFundSecUtil.m */; };
		D3C1DB331B20DD0700C941F4 /* EKeyChain.m in Sources */ = {isa = PBXBuildFile; fileRef = D3C1DB291B20DD0700C941F4 /* EKeyChain.m */; };
		D3C1DB341B20DD0700C941F4 /* GTMBase64.m in Sources */ = {isa = PBXBuildFile; fileRef = D3C1DB2B1B20DD0700C941F4 /* GTMBase64.m */; settings = {COMPILER_FLAGS = "-fno-objc-arc"; }; };
		D3C1DB351B20DD0700C941F4 /* MD5Util.m in Sources */ = {isa = PBXBuildFile; fileRef = D3C1DB2E1B20DD0700C941F4 /* MD5Util.m */; };
		D3C1DB361B20DD0700C941F4 /* TDESUtil.m in Sources */ = {isa = PBXBuildFile; fileRef = D3C1DB301B20DD0700C941F4 /* TDESUtil.m */; };
		D3C1DB3A1B20DD3000C941F4 /* MBProgressHUD.m in Sources */ = {isa = PBXBuildFile; fileRef = D3C1DB391B20DD3000C941F4 /* MBProgressHUD.m */; };
		D3C1DB5D1B20DD3600C941F4 /* MKAnnotationView+WebCache.m in Sources */ = {isa = PBXBuildFile; fileRef = D3C1DB3D1B20DD3600C941F4 /* MKAnnotationView+WebCache.m */; };
		D3C1DB5E1B20DD3600C941F4 /* NSData+ImageContentType.m in Sources */ = {isa = PBXBuildFile; fileRef = D3C1DB3F1B20DD3600C941F4 /* NSData+ImageContentType.m */; };
		D3C1DB5F1B20DD3600C941F4 /* SDImageCache.m in Sources */ = {isa = PBXBuildFile; fileRef = D3C1DB411B20DD3600C941F4 /* SDImageCache.m */; };
		D3C1DB601B20DD3600C941F4 /* SDWebImageCompat.m in Sources */ = {isa = PBXBuildFile; fileRef = D3C1DB431B20DD3600C941F4 /* SDWebImageCompat.m */; };
		D3C1DB611B20DD3600C941F4 /* SDWebImageDecoder.m in Sources */ = {isa = PBXBuildFile; fileRef = D3C1DB451B20DD3600C941F4 /* SDWebImageDecoder.m */; };
		D3C1DB621B20DD3600C941F4 /* SDWebImageDownloader.m in Sources */ = {isa = PBXBuildFile; fileRef = D3C1DB471B20DD3600C941F4 /* SDWebImageDownloader.m */; };
		D3C1DB631B20DD3600C941F4 /* SDWebImageDownloaderOperation.m in Sources */ = {isa = PBXBuildFile; fileRef = D3C1DB491B20DD3600C941F4 /* SDWebImageDownloaderOperation.m */; };
		D3C1DB641B20DD3600C941F4 /* SDWebImageManager.m in Sources */ = {isa = PBXBuildFile; fileRef = D3C1DB4B1B20DD3600C941F4 /* SDWebImageManager.m */; };
		D3C1DB651B20DD3600C941F4 /* SDWebImagePrefetcher.m in Sources */ = {isa = PBXBuildFile; fileRef = D3C1DB4E1B20DD3600C941F4 /* SDWebImagePrefetcher.m */; };
		D3C1DB661B20DD3600C941F4 /* UIButton+WebCache.m in Sources */ = {isa = PBXBuildFile; fileRef = D3C1DB501B20DD3600C941F4 /* UIButton+WebCache.m */; };
		D3C1DB671B20DD3600C941F4 /* UIImage+GIF.m in Sources */ = {isa = PBXBuildFile; fileRef = D3C1DB521B20DD3600C941F4 /* UIImage+GIF.m */; };
		D3C1DB681B20DD3600C941F4 /* UIImage+MultiFormat.m in Sources */ = {isa = PBXBuildFile; fileRef = D3C1DB541B20DD3600C941F4 /* UIImage+MultiFormat.m */; };
		D3C1DB691B20DD3600C941F4 /* UIImage+WebP.m in Sources */ = {isa = PBXBuildFile; fileRef = D3C1DB561B20DD3600C941F4 /* UIImage+WebP.m */; };
		D3C1DB6A1B20DD3600C941F4 /* UIImageView+HighlightedWebCache.m in Sources */ = {isa = PBXBuildFile; fileRef = D3C1DB581B20DD3600C941F4 /* UIImageView+HighlightedWebCache.m */; };
		D3C1DB6B1B20DD3600C941F4 /* UIImageView+WebCache.m in Sources */ = {isa = PBXBuildFile; fileRef = D3C1DB5A1B20DD3600C941F4 /* UIImageView+WebCache.m */; };
		D3C1DB6C1B20DD3600C941F4 /* UIView+WebCacheOperation.m in Sources */ = {isa = PBXBuildFile; fileRef = D3C1DB5C1B20DD3600C941F4 /* UIView+WebCacheOperation.m */; };
		D3C1DB6F1B20DD6200C941F4 /* NSError+String.m in Sources */ = {isa = PBXBuildFile; fileRef = D3C1DB6E1B20DD6200C941F4 /* NSError+String.m */; };
		D3C1DB711B20DD9700C941F4 /* Foundation.framework in Frameworks */ = {isa = PBXBuildFile; fileRef = D3C1DB701B20DD9700C941F4 /* Foundation.framework */; };
		D3C1DB731B20DD9B00C941F4 /* UIKit.framework in Frameworks */ = {isa = PBXBuildFile; fileRef = D3C1DB721B20DD9B00C941F4 /* UIKit.framework */; };
		D3C1DB751B20DDA200C941F4 /* QuartzCore.framework in Frameworks */ = {isa = PBXBuildFile; fileRef = D3C1DB741B20DDA200C941F4 /* QuartzCore.framework */; };
		D3C1DB771B20DECB00C941F4 /* SystemConfiguration.framework in Frameworks */ = {isa = PBXBuildFile; fileRef = D3C1DB761B20DECB00C941F4 /* SystemConfiguration.framework */; };
		E03DAD9BC92AFF69A945D1AA /* Foundation.framework in Frameworks */ = {isa = PBXBuildFile; fileRef = 772CFD1115437E41A5550DEA /* Foundation.framework */; };
		F78463F7503FEB3E8EC33574 /* libPods-Tests.a in Frameworks */ = {isa = PBXBuildFile; fileRef = A618377333A7746775944271 /* libPods-Tests.a */; };
/* End PBXBuildFile section */

/* Begin PBXContainerItemProxy section */
		6A88AE25EC9D8C8DC98630BC /* PBXContainerItemProxy */ = {
			isa = PBXContainerItemProxy;
			containerPortal = D342CD681B1FE74200FB135D /* Project object */;
			proxyType = 1;
			remoteGlobalIDString = D342CD6F1B1FE74200FB135D;
			remoteInfo = OneMenu_Delivery;
		};
		D342CD8A1B1FE74200FB135D /* PBXContainerItemProxy */ = {
			isa = PBXContainerItemProxy;
			containerPortal = D342CD681B1FE74200FB135D /* Project object */;
			proxyType = 1;
			remoteGlobalIDString = D342CD6F1B1FE74200FB135D;
			remoteInfo = OneMenu_Delivery;
		};
/* End PBXContainerItemProxy section */

/* Begin PBXFileReference section */
		0F43CF8DF820027DB55E8A12 /* Pods-Tests.debug.xcconfig */ = {isa = PBXFileReference; includeInIndex = 1; lastKnownFileType = text.xcconfig; name = "Pods-Tests.debug.xcconfig"; path = "Pods/Target Support Files/Pods-Tests/Pods-Tests.debug.xcconfig"; sourceTree = "<group>"; };
		2F19123C58A711A9D84C7300 /* MyTest.m */ = {isa = PBXFileReference; includeInIndex = 1; lastKnownFileType = sourcecode.c.objc; name = MyTest.m; path = Tests/MyTest.m; sourceTree = "<group>"; };
		5A8A96ECA8F205AFB017D061 /* main.m */ = {isa = PBXFileReference; includeInIndex = 1; lastKnownFileType = sourcecode.c.objc; name = main.m; path = Tests/main.m; sourceTree = "<group>"; };
		772CFD1115437E41A5550DEA /* Foundation.framework */ = {isa = PBXFileReference; lastKnownFileType = wrapper.framework; name = Foundation.framework; path = Platforms/iPhoneOS.platform/Developer/SDKs/iPhoneOS7.1.sdk/System/Library/Frameworks/Foundation.framework; sourceTree = DEVELOPER_DIR; };
		7DBEBBB1236EA90136B6AEC3 /* libPods.a */ = {isa = PBXFileReference; explicitFileType = archive.ar; includeInIndex = 0; path = libPods.a; sourceTree = BUILT_PRODUCTS_DIR; };
		98D03E5FD512104FEA0F6D38 /* Tests.app */ = {isa = PBXFileReference; explicitFileType = wrapper.application; includeInIndex = 0; path = Tests.app; sourceTree = BUILT_PRODUCTS_DIR; };
		A00842B8774C26F4032F1811 /* Pods-Tests.release.xcconfig */ = {isa = PBXFileReference; includeInIndex = 1; lastKnownFileType = text.xcconfig; name = "Pods-Tests.release.xcconfig"; path = "Pods/Target Support Files/Pods-Tests/Pods-Tests.release.xcconfig"; sourceTree = "<group>"; };
		A618377333A7746775944271 /* libPods-Tests.a */ = {isa = PBXFileReference; explicitFileType = archive.ar; includeInIndex = 0; path = "libPods-Tests.a"; sourceTree = BUILT_PRODUCTS_DIR; };
		AD1830CEE718D24805970E6B /* Pods.debug.xcconfig */ = {isa = PBXFileReference; includeInIndex = 1; lastKnownFileType = text.xcconfig; name = Pods.debug.xcconfig; path = "Pods/Target Support Files/Pods/Pods.debug.xcconfig"; sourceTree = "<group>"; };
		C846198920FFA18014A6A620 /* Pods.release.xcconfig */ = {isa = PBXFileReference; includeInIndex = 1; lastKnownFileType = text.xcconfig; name = Pods.release.xcconfig; path = "Pods/Target Support Files/Pods/Pods.release.xcconfig"; sourceTree = "<group>"; };
		D342CD701B1FE74200FB135D /* OneMenu_Delivery.app */ = {isa = PBXFileReference; explicitFileType = wrapper.application; includeInIndex = 0; path = OneMenu_Delivery.app; sourceTree = BUILT_PRODUCTS_DIR; };
		D342CD741B1FE74200FB135D /* Info.plist */ = {isa = PBXFileReference; lastKnownFileType = text.plist.xml; path = Info.plist; sourceTree = "<group>"; };
		D342CD751B1FE74200FB135D /* main.m */ = {isa = PBXFileReference; lastKnownFileType = sourcecode.c.objc; path = main.m; sourceTree = "<group>"; };
		D342CD771B1FE74200FB135D /* AppDelegate.h */ = {isa = PBXFileReference; lastKnownFileType = sourcecode.c.h; path = AppDelegate.h; sourceTree = "<group>"; };
		D342CD781B1FE74200FB135D /* AppDelegate.m */ = {isa = PBXFileReference; lastKnownFileType = sourcecode.c.objc; path = AppDelegate.m; sourceTree = "<group>"; };
		D342CD801B1FE74200FB135D /* Images.xcassets */ = {isa = PBXFileReference; lastKnownFileType = folder.assetcatalog; path = Images.xcassets; sourceTree = "<group>"; };
		D342CD831B1FE74200FB135D /* Base */ = {isa = PBXFileReference; lastKnownFileType = file.xib; name = Base; path = Base.lproj/LaunchScreen.xib; sourceTree = "<group>"; };
		D342CD891B1FE74200FB135D /* OneMenu_DeliveryTests.xctest */ = {isa = PBXFileReference; explicitFileType = wrapper.cfbundle; includeInIndex = 0; path = OneMenu_DeliveryTests.xctest; sourceTree = BUILT_PRODUCTS_DIR; };
		D342CD8E1B1FE74200FB135D /* Info.plist */ = {isa = PBXFileReference; lastKnownFileType = text.plist.xml; path = Info.plist; sourceTree = "<group>"; };
		D342CD8F1B1FE74200FB135D /* OneMenu_DeliveryTests.m */ = {isa = PBXFileReference; lastKnownFileType = sourcecode.c.objc; path = OneMenu_DeliveryTests.m; sourceTree = "<group>"; };
		D342CD991B1FE9D100FB135D /* MapKit.framework */ = {isa = PBXFileReference; lastKnownFileType = wrapper.framework; name = MapKit.framework; path = System/Library/Frameworks/MapKit.framework; sourceTree = SDKROOT; };
		D342CDA91B1FEC2900FB135D /* OMDDeliveringViewController.h */ = {isa = PBXFileReference; fileEncoding = 4; lastKnownFileType = sourcecode.c.h; path = OMDDeliveringViewController.h; sourceTree = "<group>"; };
		D342CDAA1B1FEC2900FB135D /* OMDDeliveringViewController.m */ = {isa = PBXFileReference; fileEncoding = 4; lastKnownFileType = sourcecode.c.objc; path = OMDDeliveringViewController.m; sourceTree = "<group>"; };
		D342CDAC1B1FED2000FB135D /* OMDDeliveriedViewController.h */ = {isa = PBXFileReference; fileEncoding = 4; lastKnownFileType = sourcecode.c.h; path = OMDDeliveriedViewController.h; sourceTree = "<group>"; };
		D342CDAD1B1FED2000FB135D /* OMDDeliveriedViewController.m */ = {isa = PBXFileReference; fileEncoding = 4; lastKnownFileType = sourcecode.c.objc; path = OMDDeliveriedViewController.m; sourceTree = "<group>"; };
		D342CDAF1B208C5100FB135D /* OMDNetworkManager.h */ = {isa = PBXFileReference; fileEncoding = 4; lastKnownFileType = sourcecode.c.h; path = OMDNetworkManager.h; sourceTree = "<group>"; };
		D342CDB01B208C5100FB135D /* OMDNetworkManager.m */ = {isa = PBXFileReference; fileEncoding = 4; lastKnownFileType = sourcecode.c.objc; path = OMDNetworkManager.m; sourceTree = "<group>"; };
		D342CDB21B2090BB00FB135D /* OMDNetworkObjects.h */ = {isa = PBXFileReference; fileEncoding = 4; lastKnownFileType = sourcecode.c.h; path = OMDNetworkObjects.h; sourceTree = "<group>"; };
		D342CDB31B2090BB00FB135D /* OMDNetworkObjects.m */ = {isa = PBXFileReference; fileEncoding = 4; lastKnownFileType = sourcecode.c.objc; path = OMDNetworkObjects.m; sourceTree = "<group>"; };
		D3C1DB101B20D9E800C941F4 /* OMDConstantsFile.h */ = {isa = PBXFileReference; fileEncoding = 4; lastKnownFileType = sourcecode.c.h; path = OMDConstantsFile.h; sourceTree = "<group>"; };
		D3C1DB171B20DAB000C941F4 /* OMDCalculateManager.h */ = {isa = PBXFileReference; fileEncoding = 4; lastKnownFileType = sourcecode.c.h; path = OMDCalculateManager.h; sourceTree = "<group>"; };
		D3C1DB181B20DAB000C941F4 /* OMDCalculateManager.m */ = {isa = PBXFileReference; fileEncoding = 4; lastKnownFileType = sourcecode.c.objc; path = OMDCalculateManager.m; sourceTree = "<group>"; };
		D3C1DB1A1B20DAB900C941F4 /* OMDLocationManager.m */ = {isa = PBXFileReference; fileEncoding = 4; lastKnownFileType = sourcecode.c.objc; path = OMDLocationManager.m; sourceTree = "<group>"; };
		D3C1DB1B1B20DAB900C941F4 /* OMDLocationManager.h */ = {isa = PBXFileReference; fileEncoding = 4; lastKnownFileType = sourcecode.c.h; path = OMDLocationManager.h; sourceTree = "<group>"; };
		D3C1DB1D1B20DC6300C941F4 /* OMUtility.h */ = {isa = PBXFileReference; fileEncoding = 4; lastKnownFileType = sourcecode.c.h; path = OMUtility.h; sourceTree = "<group>"; };
		D3C1DB1E1B20DC6300C941F4 /* OMUtility.m */ = {isa = PBXFileReference; fileEncoding = 4; lastKnownFileType = sourcecode.c.objc; path = OMUtility.m; sourceTree = "<group>"; };
		D3C1DB201B20DC6900C941F4 /* OMSystemConfig.h */ = {isa = PBXFileReference; fileEncoding = 4; lastKnownFileType = sourcecode.c.h; path = OMSystemConfig.h; sourceTree = "<group>"; };
		D3C1DB211B20DC6900C941F4 /* OMSystemConfig.m */ = {isa = PBXFileReference; fileEncoding = 4; lastKnownFileType = sourcecode.c.objc; path = OMSystemConfig.m; sourceTree = "<group>"; };
		D3C1DB241B20DD0700C941F4 /* Base64Util.h */ = {isa = PBXFileReference; fileEncoding = 4; lastKnownFileType = sourcecode.c.h; path = Base64Util.h; sourceTree = "<group>"; };
		D3C1DB251B20DD0700C941F4 /* Base64Util.m */ = {isa = PBXFileReference; fileEncoding = 4; lastKnownFileType = sourcecode.c.objc; path = Base64Util.m; sourceTree = "<group>"; };
		D3C1DB261B20DD0700C941F4 /* EFundSecUtil.h */ = {isa = PBXFileReference; fileEncoding = 4; lastKnownFileType = sourcecode.c.h; path = EFundSecUtil.h; sourceTree = "<group>"; };
		D3C1DB271B20DD0700C941F4 /* EFundSecUtil.m */ = {isa = PBXFileReference; fileEncoding = 4; lastKnownFileType = sourcecode.c.objc; path = EFundSecUtil.m; sourceTree = "<group>"; };
		D3C1DB281B20DD0700C941F4 /* EKeyChain.h */ = {isa = PBXFileReference; fileEncoding = 4; lastKnownFileType = sourcecode.c.h; path = EKeyChain.h; sourceTree = "<group>"; };
		D3C1DB291B20DD0700C941F4 /* EKeyChain.m */ = {isa = PBXFileReference; fileEncoding = 4; lastKnownFileType = sourcecode.c.objc; path = EKeyChain.m; sourceTree = "<group>"; };
		D3C1DB2A1B20DD0700C941F4 /* GTMBase64.h */ = {isa = PBXFileReference; fileEncoding = 4; lastKnownFileType = sourcecode.c.h; path = GTMBase64.h; sourceTree = "<group>"; };
		D3C1DB2B1B20DD0700C941F4 /* GTMBase64.m */ = {isa = PBXFileReference; fileEncoding = 4; lastKnownFileType = sourcecode.c.objc; path = GTMBase64.m; sourceTree = "<group>"; };
		D3C1DB2C1B20DD0700C941F4 /* GTMDefines.h */ = {isa = PBXFileReference; fileEncoding = 4; lastKnownFileType = sourcecode.c.h; path = GTMDefines.h; sourceTree = "<group>"; };
		D3C1DB2D1B20DD0700C941F4 /* MD5Util.h */ = {isa = PBXFileReference; fileEncoding = 4; lastKnownFileType = sourcecode.c.h; path = MD5Util.h; sourceTree = "<group>"; };
		D3C1DB2E1B20DD0700C941F4 /* MD5Util.m */ = {isa = PBXFileReference; fileEncoding = 4; lastKnownFileType = sourcecode.c.objc; path = MD5Util.m; sourceTree = "<group>"; };
		D3C1DB2F1B20DD0700C941F4 /* TDESUtil.h */ = {isa = PBXFileReference; fileEncoding = 4; lastKnownFileType = sourcecode.c.h; path = TDESUtil.h; sourceTree = "<group>"; };
		D3C1DB301B20DD0700C941F4 /* TDESUtil.m */ = {isa = PBXFileReference; fileEncoding = 4; lastKnownFileType = sourcecode.c.objc; path = TDESUtil.m; sourceTree = "<group>"; };
		D3C1DB381B20DD3000C941F4 /* MBProgressHUD.h */ = {isa = PBXFileReference; fileEncoding = 4; lastKnownFileType = sourcecode.c.h; path = MBProgressHUD.h; sourceTree = "<group>"; };
		D3C1DB391B20DD3000C941F4 /* MBProgressHUD.m */ = {isa = PBXFileReference; fileEncoding = 4; lastKnownFileType = sourcecode.c.objc; path = MBProgressHUD.m; sourceTree = "<group>"; };
		D3C1DB3C1B20DD3600C941F4 /* MKAnnotationView+WebCache.h */ = {isa = PBXFileReference; fileEncoding = 4; lastKnownFileType = sourcecode.c.h; path = "MKAnnotationView+WebCache.h"; sourceTree = "<group>"; };
		D3C1DB3D1B20DD3600C941F4 /* MKAnnotationView+WebCache.m */ = {isa = PBXFileReference; fileEncoding = 4; lastKnownFileType = sourcecode.c.objc; path = "MKAnnotationView+WebCache.m"; sourceTree = "<group>"; };
		D3C1DB3E1B20DD3600C941F4 /* NSData+ImageContentType.h */ = {isa = PBXFileReference; fileEncoding = 4; lastKnownFileType = sourcecode.c.h; path = "NSData+ImageContentType.h"; sourceTree = "<group>"; };
		D3C1DB3F1B20DD3600C941F4 /* NSData+ImageContentType.m */ = {isa = PBXFileReference; fileEncoding = 4; lastKnownFileType = sourcecode.c.objc; path = "NSData+ImageContentType.m"; sourceTree = "<group>"; };
		D3C1DB401B20DD3600C941F4 /* SDImageCache.h */ = {isa = PBXFileReference; fileEncoding = 4; lastKnownFileType = sourcecode.c.h; path = SDImageCache.h; sourceTree = "<group>"; };
		D3C1DB411B20DD3600C941F4 /* SDImageCache.m */ = {isa = PBXFileReference; fileEncoding = 4; lastKnownFileType = sourcecode.c.objc; path = SDImageCache.m; sourceTree = "<group>"; };
		D3C1DB421B20DD3600C941F4 /* SDWebImageCompat.h */ = {isa = PBXFileReference; fileEncoding = 4; lastKnownFileType = sourcecode.c.h; path = SDWebImageCompat.h; sourceTree = "<group>"; };
		D3C1DB431B20DD3600C941F4 /* SDWebImageCompat.m */ = {isa = PBXFileReference; fileEncoding = 4; lastKnownFileType = sourcecode.c.objc; path = SDWebImageCompat.m; sourceTree = "<group>"; };
		D3C1DB441B20DD3600C941F4 /* SDWebImageDecoder.h */ = {isa = PBXFileReference; fileEncoding = 4; lastKnownFileType = sourcecode.c.h; path = SDWebImageDecoder.h; sourceTree = "<group>"; };
		D3C1DB451B20DD3600C941F4 /* SDWebImageDecoder.m */ = {isa = PBXFileReference; fileEncoding = 4; lastKnownFileType = sourcecode.c.objc; path = SDWebImageDecoder.m; sourceTree = "<group>"; };
		D3C1DB461B20DD3600C941F4 /* SDWebImageDownloader.h */ = {isa = PBXFileReference; fileEncoding = 4; lastKnownFileType = sourcecode.c.h; path = SDWebImageDownloader.h; sourceTree = "<group>"; };
		D3C1DB471B20DD3600C941F4 /* SDWebImageDownloader.m */ = {isa = PBXFileReference; fileEncoding = 4; lastKnownFileType = sourcecode.c.objc; path = SDWebImageDownloader.m; sourceTree = "<group>"; };
		D3C1DB481B20DD3600C941F4 /* SDWebImageDownloaderOperation.h */ = {isa = PBXFileReference; fileEncoding = 4; lastKnownFileType = sourcecode.c.h; path = SDWebImageDownloaderOperation.h; sourceTree = "<group>"; };
		D3C1DB491B20DD3600C941F4 /* SDWebImageDownloaderOperation.m */ = {isa = PBXFileReference; fileEncoding = 4; lastKnownFileType = sourcecode.c.objc; path = SDWebImageDownloaderOperation.m; sourceTree = "<group>"; };
		D3C1DB4A1B20DD3600C941F4 /* SDWebImageManager.h */ = {isa = PBXFileReference; fileEncoding = 4; lastKnownFileType = sourcecode.c.h; path = SDWebImageManager.h; sourceTree = "<group>"; };
		D3C1DB4B1B20DD3600C941F4 /* SDWebImageManager.m */ = {isa = PBXFileReference; fileEncoding = 4; lastKnownFileType = sourcecode.c.objc; path = SDWebImageManager.m; sourceTree = "<group>"; };
		D3C1DB4C1B20DD3600C941F4 /* SDWebImageOperation.h */ = {isa = PBXFileReference; fileEncoding = 4; lastKnownFileType = sourcecode.c.h; path = SDWebImageOperation.h; sourceTree = "<group>"; };
		D3C1DB4D1B20DD3600C941F4 /* SDWebImagePrefetcher.h */ = {isa = PBXFileReference; fileEncoding = 4; lastKnownFileType = sourcecode.c.h; path = SDWebImagePrefetcher.h; sourceTree = "<group>"; };
		D3C1DB4E1B20DD3600C941F4 /* SDWebImagePrefetcher.m */ = {isa = PBXFileReference; fileEncoding = 4; lastKnownFileType = sourcecode.c.objc; path = SDWebImagePrefetcher.m; sourceTree = "<group>"; };
		D3C1DB4F1B20DD3600C941F4 /* UIButton+WebCache.h */ = {isa = PBXFileReference; fileEncoding = 4; lastKnownFileType = sourcecode.c.h; path = "UIButton+WebCache.h"; sourceTree = "<group>"; };
		D3C1DB501B20DD3600C941F4 /* UIButton+WebCache.m */ = {isa = PBXFileReference; fileEncoding = 4; lastKnownFileType = sourcecode.c.objc; path = "UIButton+WebCache.m"; sourceTree = "<group>"; };
		D3C1DB511B20DD3600C941F4 /* UIImage+GIF.h */ = {isa = PBXFileReference; fileEncoding = 4; lastKnownFileType = sourcecode.c.h; path = "UIImage+GIF.h"; sourceTree = "<group>"; };
		D3C1DB521B20DD3600C941F4 /* UIImage+GIF.m */ = {isa = PBXFileReference; fileEncoding = 4; lastKnownFileType = sourcecode.c.objc; path = "UIImage+GIF.m"; sourceTree = "<group>"; };
		D3C1DB531B20DD3600C941F4 /* UIImage+MultiFormat.h */ = {isa = PBXFileReference; fileEncoding = 4; lastKnownFileType = sourcecode.c.h; path = "UIImage+MultiFormat.h"; sourceTree = "<group>"; };
		D3C1DB541B20DD3600C941F4 /* UIImage+MultiFormat.m */ = {isa = PBXFileReference; fileEncoding = 4; lastKnownFileType = sourcecode.c.objc; path = "UIImage+MultiFormat.m"; sourceTree = "<group>"; };
		D3C1DB551B20DD3600C941F4 /* UIImage+WebP.h */ = {isa = PBXFileReference; fileEncoding = 4; lastKnownFileType = sourcecode.c.h; path = "UIImage+WebP.h"; sourceTree = "<group>"; };
		D3C1DB561B20DD3600C941F4 /* UIImage+WebP.m */ = {isa = PBXFileReference; fileEncoding = 4; lastKnownFileType = sourcecode.c.objc; path = "UIImage+WebP.m"; sourceTree = "<group>"; };
		D3C1DB571B20DD3600C941F4 /* UIImageView+HighlightedWebCache.h */ = {isa = PBXFileReference; fileEncoding = 4; lastKnownFileType = sourcecode.c.h; path = "UIImageView+HighlightedWebCache.h"; sourceTree = "<group>"; };
		D3C1DB581B20DD3600C941F4 /* UIImageView+HighlightedWebCache.m */ = {isa = PBXFileReference; fileEncoding = 4; lastKnownFileType = sourcecode.c.objc; path = "UIImageView+HighlightedWebCache.m"; sourceTree = "<group>"; };
		D3C1DB591B20DD3600C941F4 /* UIImageView+WebCache.h */ = {isa = PBXFileReference; fileEncoding = 4; lastKnownFileType = sourcecode.c.h; path = "UIImageView+WebCache.h"; sourceTree = "<group>"; };
		D3C1DB5A1B20DD3600C941F4 /* UIImageView+WebCache.m */ = {isa = PBXFileReference; fileEncoding = 4; lastKnownFileType = sourcecode.c.objc; path = "UIImageView+WebCache.m"; sourceTree = "<group>"; };
		D3C1DB5B1B20DD3600C941F4 /* UIView+WebCacheOperation.h */ = {isa = PBXFileReference; fileEncoding = 4; lastKnownFileType = sourcecode.c.h; path = "UIView+WebCacheOperation.h"; sourceTree = "<group>"; };
		D3C1DB5C1B20DD3600C941F4 /* UIView+WebCacheOperation.m */ = {isa = PBXFileReference; fileEncoding = 4; lastKnownFileType = sourcecode.c.objc; path = "UIView+WebCacheOperation.m"; sourceTree = "<group>"; };
		D3C1DB6D1B20DD6200C941F4 /* NSError+String.h */ = {isa = PBXFileReference; fileEncoding = 4; lastKnownFileType = sourcecode.c.h; path = "NSError+String.h"; sourceTree = "<group>"; };
		D3C1DB6E1B20DD6200C941F4 /* NSError+String.m */ = {isa = PBXFileReference; fileEncoding = 4; lastKnownFileType = sourcecode.c.objc; path = "NSError+String.m"; sourceTree = "<group>"; };
		D3C1DB701B20DD9700C941F4 /* Foundation.framework */ = {isa = PBXFileReference; lastKnownFileType = wrapper.framework; name = Foundation.framework; path = System/Library/Frameworks/Foundation.framework; sourceTree = SDKROOT; };
		D3C1DB721B20DD9B00C941F4 /* UIKit.framework */ = {isa = PBXFileReference; lastKnownFileType = wrapper.framework; name = UIKit.framework; path = System/Library/Frameworks/UIKit.framework; sourceTree = SDKROOT; };
		D3C1DB741B20DDA200C941F4 /* QuartzCore.framework */ = {isa = PBXFileReference; lastKnownFileType = wrapper.framework; name = QuartzCore.framework; path = System/Library/Frameworks/QuartzCore.framework; sourceTree = SDKROOT; };
		D3C1DB761B20DECB00C941F4 /* SystemConfiguration.framework */ = {isa = PBXFileReference; lastKnownFileType = wrapper.framework; name = SystemConfiguration.framework; path = System/Library/Frameworks/SystemConfiguration.framework; sourceTree = SDKROOT; };
/* End PBXFileReference section */

/* Begin PBXFrameworksBuildPhase section */
		24D89104E73DCADAB7FE7AFE /* Frameworks */ = {
			isa = PBXFrameworksBuildPhase;
			buildActionMask = 2147483647;
			files = (
				E03DAD9BC92AFF69A945D1AA /* Foundation.framework in Frameworks */,
				F78463F7503FEB3E8EC33574 /* libPods-Tests.a in Frameworks */,
			);
			runOnlyForDeploymentPostprocessing = 0;
		};
		D342CD6D1B1FE74200FB135D /* Frameworks */ = {
			isa = PBXFrameworksBuildPhase;
			buildActionMask = 2147483647;
			files = (
				D3C1DB771B20DECB00C941F4 /* SystemConfiguration.framework in Frameworks */,
				D3C1DB751B20DDA200C941F4 /* QuartzCore.framework in Frameworks */,
				D3C1DB731B20DD9B00C941F4 /* UIKit.framework in Frameworks */,
				D3C1DB711B20DD9700C941F4 /* Foundation.framework in Frameworks */,
				D342CD9A1B1FE9D100FB135D /* MapKit.framework in Frameworks */,
				56B3ECDEA1B84E936C33E18F /* libPods.a in Frameworks */,
			);
			runOnlyForDeploymentPostprocessing = 0;
		};
		D342CD861B1FE74200FB135D /* Frameworks */ = {
			isa = PBXFrameworksBuildPhase;
			buildActionMask = 2147483647;
			files = (
			);
			runOnlyForDeploymentPostprocessing = 0;
		};
/* End PBXFrameworksBuildPhase section */

/* Begin PBXGroup section */
		0F338DA6070C55A2B695566F /* Tests */ = {
			isa = PBXGroup;
			children = (
				5A8A96ECA8F205AFB017D061 /* main.m */,
				2F19123C58A711A9D84C7300 /* MyTest.m */,
			);
			name = Tests;
			sourceTree = "<group>";
		};
		5492E5237F4830D2305E7FC2 /* iOS */ = {
			isa = PBXGroup;
			children = (
				772CFD1115437E41A5550DEA /* Foundation.framework */,
			);
			name = iOS;
			sourceTree = "<group>";
		};
		AA1395639554B1164F363C7C /* Frameworks */ = {
			isa = PBXGroup;
			children = (
				D3C1DB761B20DECB00C941F4 /* SystemConfiguration.framework */,
				D3C1DB741B20DDA200C941F4 /* QuartzCore.framework */,
				D3C1DB721B20DD9B00C941F4 /* UIKit.framework */,
				D3C1DB701B20DD9700C941F4 /* Foundation.framework */,
				D342CD991B1FE9D100FB135D /* MapKit.framework */,
				7DBEBBB1236EA90136B6AEC3 /* libPods.a */,
				5492E5237F4830D2305E7FC2 /* iOS */,
				A618377333A7746775944271 /* libPods-Tests.a */,
			);
			name = Frameworks;
			sourceTree = "<group>";
		};
		D342CD671B1FE74200FB135D = {
			isa = PBXGroup;
			children = (
				D342CD721B1FE74200FB135D /* OneMenu_Delivery */,
				D342CD8C1B1FE74200FB135D /* OneMenu_DeliveryTests */,
				D342CD711B1FE74200FB135D /* Products */,
				FFD62C516A51C5BF28A22064 /* Pods */,
				AA1395639554B1164F363C7C /* Frameworks */,
				0F338DA6070C55A2B695566F /* Tests */,
			);
			sourceTree = "<group>";
		};
		D342CD711B1FE74200FB135D /* Products */ = {
			isa = PBXGroup;
			children = (
				D342CD701B1FE74200FB135D /* OneMenu_Delivery.app */,
				D342CD891B1FE74200FB135D /* OneMenu_DeliveryTests.xctest */,
				98D03E5FD512104FEA0F6D38 /* Tests.app */,
			);
			name = Products;
			sourceTree = "<group>";
		};
		D342CD721B1FE74200FB135D /* OneMenu_Delivery */ = {
			isa = PBXGroup;
			children = (
				D342CD9B1B1FEABB00FB135D /* Classes */,
				D342CD771B1FE74200FB135D /* AppDelegate.h */,
				D342CD781B1FE74200FB135D /* AppDelegate.m */,
				D342CD801B1FE74200FB135D /* Images.xcassets */,
				D342CD821B1FE74200FB135D /* LaunchScreen.xib */,
				D342CD731B1FE74200FB135D /* Supporting Files */,
			);
			path = OneMenu_Delivery;
			sourceTree = "<group>";
		};
		D342CD731B1FE74200FB135D /* Supporting Files */ = {
			isa = PBXGroup;
			children = (
				D342CD741B1FE74200FB135D /* Info.plist */,
				D342CD751B1FE74200FB135D /* main.m */,
			);
			name = "Supporting Files";
			sourceTree = "<group>";
		};
		D342CD8C1B1FE74200FB135D /* OneMenu_DeliveryTests */ = {
			isa = PBXGroup;
			children = (
				D342CD8F1B1FE74200FB135D /* OneMenu_DeliveryTests.m */,
				D342CD8D1B1FE74200FB135D /* Supporting Files */,
			);
			path = OneMenu_DeliveryTests;
			sourceTree = "<group>";
		};
		D342CD8D1B1FE74200FB135D /* Supporting Files */ = {
			isa = PBXGroup;
			children = (
				D342CD8E1B1FE74200FB135D /* Info.plist */,
			);
			name = "Supporting Files";
			sourceTree = "<group>";
		};
		D342CD9B1B1FEABB00FB135D /* Classes */ = {
			isa = PBXGroup;
			children = (
				D342CD9C1B1FEABB00FB135D /* Base */,
				D342CD9D1B1FEABB00FB135D /* Framework */,
				D342CD9E1B1FEABB00FB135D /* Models */,
				D342CD9F1B1FEABB00FB135D /* Networks */,
				D342CDA01B1FEABB00FB135D /* ThirdPartys */,
				D342CDA11B1FEABB00FB135D /* Utiilities */,
				D342CDA21B1FEABB00FB135D /* Views */,
			);
			path = Classes;
			sourceTree = "<group>";
		};
		D342CD9C1B1FEABB00FB135D /* Base */ = {
			isa = PBXGroup;
			children = (
			);
			path = Base;
			sourceTree = "<group>";
		};
		D342CD9D1B1FEABB00FB135D /* Framework */ = {
			isa = PBXGroup;
			children = (
				D342CDA31B1FEBD800FB135D /* Deliveried */,
				D342CDA41B1FEBD800FB135D /* Delivering */,
			);
			path = Framework;
			sourceTree = "<group>";
		};
		D342CD9E1B1FEABB00FB135D /* Models */ = {
			isa = PBXGroup;
			children = (
				D342CDA51B1FEBE700FB135D /* Deliveried */,
				D342CDA61B1FEBE700FB135D /* Delivering */,
				D342CDB21B2090BB00FB135D /* OMDNetworkObjects.h */,
				D342CDB31B2090BB00FB135D /* OMDNetworkObjects.m */,
			);
			path = Models;
			sourceTree = "<group>";
		};
		D342CD9F1B1FEABB00FB135D /* Networks */ = {
			isa = PBXGroup;
			children = (
				D342CDAF1B208C5100FB135D /* OMDNetworkManager.h */,
				D342CDB01B208C5100FB135D /* OMDNetworkManager.m */,
			);
			path = Networks;
			sourceTree = "<group>";
		};
		D342CDA01B1FEABB00FB135D /* ThirdPartys */ = {
			isa = PBXGroup;
			children = (
				D3C1DB3B1B20DD3600C941F4 /* SDWebImage */,
				D3C1DB371B20DD3000C941F4 /* MBProcessHUD */,
				D3C1DB231B20DD0700C941F4 /* Security */,
			);
			path = ThirdPartys;
			sourceTree = "<group>";
		};
		D342CDA11B1FEABB00FB135D /* Utiilities */ = {
			isa = PBXGroup;
			children = (
				D3C1DB201B20DC6900C941F4 /* OMSystemConfig.h */,
				D3C1DB211B20DC6900C941F4 /* OMSystemConfig.m */,
				D3C1DB1D1B20DC6300C941F4 /* OMUtility.h */,
				D3C1DB1E1B20DC6300C941F4 /* OMUtility.m */,
				D3C1DB1B1B20DAB900C941F4 /* OMDLocationManager.h */,
				D3C1DB1A1B20DAB900C941F4 /* OMDLocationManager.m */,
				D3C1DB171B20DAB000C941F4 /* OMDCalculateManager.h */,
				D3C1DB181B20DAB000C941F4 /* OMDCalculateManager.m */,
				D3C1DB101B20D9E800C941F4 /* OMDConstantsFile.h */,
				D3C1DB6D1B20DD6200C941F4 /* NSError+String.h */,
				D3C1DB6E1B20DD6200C941F4 /* NSError+String.m */,
			);
			path = Utiilities;
			sourceTree = "<group>";
		};
		D342CDA21B1FEABB00FB135D /* Views */ = {
			isa = PBXGroup;
			children = (
				D342CDA71B1FEBFC00FB135D /* Deliveried */,
				D342CDA81B1FEBFC00FB135D /* Delivering */,
			);
			path = Views;
			sourceTree = "<group>";
		};
		D342CDA31B1FEBD800FB135D /* Deliveried */ = {
			isa = PBXGroup;
			children = (
				D342CDAC1B1FED2000FB135D /* OMDDeliveriedViewController.h */,
				D342CDAD1B1FED2000FB135D /* OMDDeliveriedViewController.m */,
			);
			path = Deliveried;
			sourceTree = "<group>";
		};
		D342CDA41B1FEBD800FB135D /* Delivering */ = {
			isa = PBXGroup;
			children = (
				D342CDA91B1FEC2900FB135D /* OMDDeliveringViewController.h */,
				D342CDAA1B1FEC2900FB135D /* OMDDeliveringViewController.m */,
			);
			path = Delivering;
			sourceTree = "<group>";
		};
		D342CDA51B1FEBE700FB135D /* Deliveried */ = {
			isa = PBXGroup;
			children = (
			);
			path = Deliveried;
			sourceTree = "<group>";
		};
		D342CDA61B1FEBE700FB135D /* Delivering */ = {
			isa = PBXGroup;
			children = (
			);
			path = Delivering;
			sourceTree = "<group>";
		};
		D342CDA71B1FEBFC00FB135D /* Deliveried */ = {
			isa = PBXGroup;
			children = (
			);
			path = Deliveried;
			sourceTree = "<group>";
		};
		D342CDA81B1FEBFC00FB135D /* Delivering */ = {
			isa = PBXGroup;
			children = (
			);
			path = Delivering;
			sourceTree = "<group>";
		};
		D3C1DB231B20DD0700C941F4 /* Security */ = {
			isa = PBXGroup;
			children = (
				D3C1DB241B20DD0700C941F4 /* Base64Util.h */,
				D3C1DB251B20DD0700C941F4 /* Base64Util.m */,
				D3C1DB261B20DD0700C941F4 /* EFundSecUtil.h */,
				D3C1DB271B20DD0700C941F4 /* EFundSecUtil.m */,
				D3C1DB281B20DD0700C941F4 /* EKeyChain.h */,
				D3C1DB291B20DD0700C941F4 /* EKeyChain.m */,
				D3C1DB2A1B20DD0700C941F4 /* GTMBase64.h */,
				D3C1DB2B1B20DD0700C941F4 /* GTMBase64.m */,
				D3C1DB2C1B20DD0700C941F4 /* GTMDefines.h */,
				D3C1DB2D1B20DD0700C941F4 /* MD5Util.h */,
				D3C1DB2E1B20DD0700C941F4 /* MD5Util.m */,
				D3C1DB2F1B20DD0700C941F4 /* TDESUtil.h */,
				D3C1DB301B20DD0700C941F4 /* TDESUtil.m */,
			);
			path = Security;
			sourceTree = "<group>";
		};
		D3C1DB371B20DD3000C941F4 /* MBProcessHUD */ = {
			isa = PBXGroup;
			children = (
				D3C1DB381B20DD3000C941F4 /* MBProgressHUD.h */,
				D3C1DB391B20DD3000C941F4 /* MBProgressHUD.m */,
			);
			path = MBProcessHUD;
			sourceTree = "<group>";
		};
		D3C1DB3B1B20DD3600C941F4 /* SDWebImage */ = {
			isa = PBXGroup;
			children = (
				D3C1DB3C1B20DD3600C941F4 /* MKAnnotationView+WebCache.h */,
				D3C1DB3D1B20DD3600C941F4 /* MKAnnotationView+WebCache.m */,
				D3C1DB3E1B20DD3600C941F4 /* NSData+ImageContentType.h */,
				D3C1DB3F1B20DD3600C941F4 /* NSData+ImageContentType.m */,
				D3C1DB401B20DD3600C941F4 /* SDImageCache.h */,
				D3C1DB411B20DD3600C941F4 /* SDImageCache.m */,
				D3C1DB421B20DD3600C941F4 /* SDWebImageCompat.h */,
				D3C1DB431B20DD3600C941F4 /* SDWebImageCompat.m */,
				D3C1DB441B20DD3600C941F4 /* SDWebImageDecoder.h */,
				D3C1DB451B20DD3600C941F4 /* SDWebImageDecoder.m */,
				D3C1DB461B20DD3600C941F4 /* SDWebImageDownloader.h */,
				D3C1DB471B20DD3600C941F4 /* SDWebImageDownloader.m */,
				D3C1DB481B20DD3600C941F4 /* SDWebImageDownloaderOperation.h */,
				D3C1DB491B20DD3600C941F4 /* SDWebImageDownloaderOperation.m */,
				D3C1DB4A1B20DD3600C941F4 /* SDWebImageManager.h */,
				D3C1DB4B1B20DD3600C941F4 /* SDWebImageManager.m */,
				D3C1DB4C1B20DD3600C941F4 /* SDWebImageOperation.h */,
				D3C1DB4D1B20DD3600C941F4 /* SDWebImagePrefetcher.h */,
				D3C1DB4E1B20DD3600C941F4 /* SDWebImagePrefetcher.m */,
				D3C1DB4F1B20DD3600C941F4 /* UIButton+WebCache.h */,
				D3C1DB501B20DD3600C941F4 /* UIButton+WebCache.m */,
				D3C1DB511B20DD3600C941F4 /* UIImage+GIF.h */,
				D3C1DB521B20DD3600C941F4 /* UIImage+GIF.m */,
				D3C1DB531B20DD3600C941F4 /* UIImage+MultiFormat.h */,
				D3C1DB541B20DD3600C941F4 /* UIImage+MultiFormat.m */,
				D3C1DB551B20DD3600C941F4 /* UIImage+WebP.h */,
				D3C1DB561B20DD3600C941F4 /* UIImage+WebP.m */,
				D3C1DB571B20DD3600C941F4 /* UIImageView+HighlightedWebCache.h */,
				D3C1DB581B20DD3600C941F4 /* UIImageView+HighlightedWebCache.m */,
				D3C1DB591B20DD3600C941F4 /* UIImageView+WebCache.h */,
				D3C1DB5A1B20DD3600C941F4 /* UIImageView+WebCache.m */,
				D3C1DB5B1B20DD3600C941F4 /* UIView+WebCacheOperation.h */,
				D3C1DB5C1B20DD3600C941F4 /* UIView+WebCacheOperation.m */,
			);
			path = SDWebImage;
			sourceTree = "<group>";
		};
		FFD62C516A51C5BF28A22064 /* Pods */ = {
			isa = PBXGroup;
			children = (
				AD1830CEE718D24805970E6B /* Pods.debug.xcconfig */,
				C846198920FFA18014A6A620 /* Pods.release.xcconfig */,
				A00842B8774C26F4032F1811 /* Pods-Tests.release.xcconfig */,
				0F43CF8DF820027DB55E8A12 /* Pods-Tests.debug.xcconfig */,
			);
			name = Pods;
			sourceTree = "<group>";
		};
/* End PBXGroup section */

/* Begin PBXNativeTarget section */
		D342CD6F1B1FE74200FB135D /* OneMenu_Delivery */ = {
			isa = PBXNativeTarget;
			buildConfigurationList = D342CD931B1FE74200FB135D /* Build configuration list for PBXNativeTarget "OneMenu_Delivery" */;
			buildPhases = (
				8B80DDF5682E28C4AB12D19A /* Check Pods Manifest.lock */,
				D342CD6C1B1FE74200FB135D /* Sources */,
				D342CD6D1B1FE74200FB135D /* Frameworks */,
				D342CD6E1B1FE74200FB135D /* Resources */,
				2640A87F503582C4347FD174 /* Copy Pods Resources */,
			);
			buildRules = (
			);
			dependencies = (
			);
			name = OneMenu_Delivery;
			productName = OneMenu_Delivery;
			productReference = D342CD701B1FE74200FB135D /* OneMenu_Delivery.app */;
			productType = "com.apple.product-type.application";
		};
		D342CD881B1FE74200FB135D /* OneMenu_DeliveryTests */ = {
			isa = PBXNativeTarget;
			buildConfigurationList = D342CD961B1FE74200FB135D /* Build configuration list for PBXNativeTarget "OneMenu_DeliveryTests" */;
			buildPhases = (
				D342CD851B1FE74200FB135D /* Sources */,
				D342CD861B1FE74200FB135D /* Frameworks */,
				D342CD871B1FE74200FB135D /* Resources */,
			);
			buildRules = (
			);
			dependencies = (
				D342CD8B1B1FE74200FB135D /* PBXTargetDependency */,
			);
			name = OneMenu_DeliveryTests;
			productName = OneMenu_DeliveryTests;
			productReference = D342CD891B1FE74200FB135D /* OneMenu_DeliveryTests.xctest */;
			productType = "com.apple.product-type.bundle.unit-test";
		};
		E7B0681F2A79504E3573A664 /* Tests */ = {
			isa = PBXNativeTarget;
			buildConfigurationList = A536878702F8D59602E7874E /* Build configuration list for PBXNativeTarget "Tests" */;
			buildPhases = (
				36D714E781D9A2FCB111DC3B /* Check Pods Manifest.lock */,
				0627069C316E4DBD15EDEF7B /* Sources */,
				24D89104E73DCADAB7FE7AFE /* Frameworks */,
				CF9AE93B9CC07AE259D25FF7 /* Resources */,
				327C46D0BBCA55C695A42CCD /* Copy Pods Resources */,
				2934C6AFE327D4904DCF8B01 /* Run Tests (CLI) */,
			);
			buildRules = (
			);
			dependencies = (
				434354F8EDDBB2B071FB724A /* PBXTargetDependency */,
			);
			name = Tests;
			productName = Tests;
			productReference = 98D03E5FD512104FEA0F6D38 /* Tests.app */;
			productType = "com.apple.product-type.application";
		};
/* End PBXNativeTarget section */

/* Begin PBXProject section */
		D342CD681B1FE74200FB135D /* Project object */ = {
			isa = PBXProject;
			attributes = {
				CLASSPREFIX = OMD;
				LastUpgradeCheck = 0620;
				ORGANIZATIONNAME = "One Menu Limited Liability Company";
				TargetAttributes = {
					D342CD6F1B1FE74200FB135D = {
						CreatedOnToolsVersion = 6.2;
						DevelopmentTeam = 9446BY4ZBD;
						SystemCapabilities = {
							com.apple.BackgroundModes = {
								enabled = 1;
							};
							com.apple.Maps.iOS = {
								enabled = 1;
							};
						};
					};
					D342CD881B1FE74200FB135D = {
						CreatedOnToolsVersion = 6.2;
						TestTargetID = D342CD6F1B1FE74200FB135D;
					};
				};
			};
			buildConfigurationList = D342CD6B1B1FE74200FB135D /* Build configuration list for PBXProject "OneMenu_Delivery" */;
			compatibilityVersion = "Xcode 3.2";
			developmentRegion = English;
			hasScannedForEncodings = 0;
			knownRegions = (
				en,
				Base,
			);
			mainGroup = D342CD671B1FE74200FB135D;
			productRefGroup = D342CD711B1FE74200FB135D /* Products */;
			projectDirPath = "";
			projectRoot = "";
			targets = (
				D342CD6F1B1FE74200FB135D /* OneMenu_Delivery */,
				D342CD881B1FE74200FB135D /* OneMenu_DeliveryTests */,
				E7B0681F2A79504E3573A664 /* Tests */,
			);
		};
/* End PBXProject section */

/* Begin PBXResourcesBuildPhase section */
		CF9AE93B9CC07AE259D25FF7 /* Resources */ = {
			isa = PBXResourcesBuildPhase;
			buildActionMask = 2147483647;
			files = (
			);
			runOnlyForDeploymentPostprocessing = 0;
		};
		D342CD6E1B1FE74200FB135D /* Resources */ = {
			isa = PBXResourcesBuildPhase;
			buildActionMask = 2147483647;
			files = (
				D342CD841B1FE74200FB135D /* LaunchScreen.xib in Resources */,
				D342CD811B1FE74200FB135D /* Images.xcassets in Resources */,
			);
			runOnlyForDeploymentPostprocessing = 0;
		};
		D342CD871B1FE74200FB135D /* Resources */ = {
			isa = PBXResourcesBuildPhase;
			buildActionMask = 2147483647;
			files = (
			);
			runOnlyForDeploymentPostprocessing = 0;
		};
/* End PBXResourcesBuildPhase section */

/* Begin PBXShellScriptBuildPhase section */
		2640A87F503582C4347FD174 /* Copy Pods Resources */ = {
			isa = PBXShellScriptBuildPhase;
			buildActionMask = 2147483647;
			files = (
			);
			inputPaths = (
			);
			name = "Copy Pods Resources";
			outputPaths = (
			);
			runOnlyForDeploymentPostprocessing = 0;
			shellPath = /bin/sh;
			shellScript = "\"${SRCROOT}/Pods/Target Support Files/Pods/Pods-resources.sh\"\n";
			showEnvVarsInLog = 0;
		};
		2934C6AFE327D4904DCF8B01 /* Run Tests (CLI) */ = {
			isa = PBXShellScriptBuildPhase;
			buildActionMask = 2147483647;
			files = (
			);
			inputPaths = (
			);
			name = "Run Tests (CLI)";
			outputPaths = (
			);
			runOnlyForDeploymentPostprocessing = 0;
			shellPath = /bin/sh;
			shellScript = "sh Tests/RunTests.sh";
		};
		327C46D0BBCA55C695A42CCD /* Copy Pods Resources */ = {
			isa = PBXShellScriptBuildPhase;
			buildActionMask = 2147483647;
			files = (
			);
			inputPaths = (
			);
			name = "Copy Pods Resources";
			outputPaths = (
			);
			runOnlyForDeploymentPostprocessing = 0;
			shellPath = /bin/sh;
			shellScript = "\"${SRCROOT}/Pods/Target Support Files/Pods-Tests/Pods-Tests-resources.sh\"\n";
			showEnvVarsInLog = 0;
		};
		36D714E781D9A2FCB111DC3B /* Check Pods Manifest.lock */ = {
			isa = PBXShellScriptBuildPhase;
			buildActionMask = 2147483647;
			files = (
			);
			inputPaths = (
			);
			name = "Check Pods Manifest.lock";
			outputPaths = (
			);
			runOnlyForDeploymentPostprocessing = 0;
			shellPath = /bin/sh;
			shellScript = "diff \"${PODS_ROOT}/../Podfile.lock\" \"${PODS_ROOT}/Manifest.lock\" > /dev/null\nif [[ $? != 0 ]] ; then\n    cat << EOM\nerror: The sandbox is not in sync with the Podfile.lock. Run 'pod install' or update your CocoaPods installation.\nEOM\n    exit 1\nfi\n";
			showEnvVarsInLog = 0;
		};
		8B80DDF5682E28C4AB12D19A /* Check Pods Manifest.lock */ = {
			isa = PBXShellScriptBuildPhase;
			buildActionMask = 2147483647;
			files = (
			);
			inputPaths = (
			);
			name = "Check Pods Manifest.lock";
			outputPaths = (
			);
			runOnlyForDeploymentPostprocessing = 0;
			shellPath = /bin/sh;
			shellScript = "diff \"${PODS_ROOT}/../Podfile.lock\" \"${PODS_ROOT}/Manifest.lock\" > /dev/null\nif [[ $? != 0 ]] ; then\n    cat << EOM\nerror: The sandbox is not in sync with the Podfile.lock. Run 'pod install' or update your CocoaPods installation.\nEOM\n    exit 1\nfi\n";
			showEnvVarsInLog = 0;
		};
/* End PBXShellScriptBuildPhase section */

/* Begin PBXSourcesBuildPhase section */
		0627069C316E4DBD15EDEF7B /* Sources */ = {
			isa = PBXSourcesBuildPhase;
			buildActionMask = 2147483647;
			files = (
				717AB80795456660D487091A /* main.m in Sources */,
				CEF3F771110C64F760AEBABB /* MyTest.m in Sources */,
			);
			runOnlyForDeploymentPostprocessing = 0;
		};
		D342CD6C1B1FE74200FB135D /* Sources */ = {
			isa = PBXSourcesBuildPhase;
			buildActionMask = 2147483647;
			files = (
				D3C1DB621B20DD3600C941F4 /* SDWebImageDownloader.m in Sources */,
				D3C1DB321B20DD0700C941F4 /* EFundSecUtil.m in Sources */,
				D342CDB41B2090BB00FB135D /* OMDNetworkObjects.m in Sources */,
				D3C1DB651B20DD3600C941F4 /* SDWebImagePrefetcher.m in Sources */,
				D3C1DB6C1B20DD3600C941F4 /* UIView+WebCacheOperation.m in Sources */,
				D3C1DB351B20DD0700C941F4 /* MD5Util.m in Sources */,
				D3C1DB361B20DD0700C941F4 /* TDESUtil.m in Sources */,
				D3C1DB681B20DD3600C941F4 /* UIImage+MultiFormat.m in Sources */,
				D3C1DB691B20DD3600C941F4 /* UIImage+WebP.m in Sources */,
				D3C1DB331B20DD0700C941F4 /* EKeyChain.m in Sources */,
				D3C1DB191B20DAB000C941F4 /* OMDCalculateManager.m in Sources */,
				D3C1DB6B1B20DD3600C941F4 /* UIImageView+WebCache.m in Sources */,
				D3C1DB221B20DC6900C941F4 /* OMSystemConfig.m in Sources */,
				D3C1DB3A1B20DD3000C941F4 /* MBProgressHUD.m in Sources */,
				D342CDAE1B1FED2000FB135D /* OMDDeliveriedViewController.m in Sources */,
				D3C1DB311B20DD0700C941F4 /* Base64Util.m in Sources */,
				D3C1DB1C1B20DAB900C941F4 /* OMDLocationManager.m in Sources */,
				D3C1DB1F1B20DC6300C941F4 /* OMUtility.m in Sources */,
				D342CDB11B208C5100FB135D /* OMDNetworkManager.m in Sources */,
				D3C1DB5E1B20DD3600C941F4 /* NSData+ImageContentType.m in Sources */,
				D342CD791B1FE74200FB135D /* AppDelegate.m in Sources */,
				D342CD761B1FE74200FB135D /* main.m in Sources */,
				D3C1DB641B20DD3600C941F4 /* SDWebImageManager.m in Sources */,
				D3C1DB611B20DD3600C941F4 /* SDWebImageDecoder.m in Sources */,
				D3C1DB631B20DD3600C941F4 /* SDWebImageDownloaderOperation.m in Sources */,
				D342CDAB1B1FEC2900FB135D /* OMDDeliveringViewController.m in Sources */,
				D3C1DB341B20DD0700C941F4 /* GTMBase64.m in Sources */,
				D3C1DB5D1B20DD3600C941F4 /* MKAnnotationView+WebCache.m in Sources */,
				D3C1DB601B20DD3600C941F4 /* SDWebImageCompat.m in Sources */,
				D3C1DB661B20DD3600C941F4 /* UIButton+WebCache.m in Sources */,
				D3C1DB6F1B20DD6200C941F4 /* NSError+String.m in Sources */,
				D3C1DB6A1B20DD3600C941F4 /* UIImageView+HighlightedWebCache.m in Sources */,
				D3C1DB671B20DD3600C941F4 /* UIImage+GIF.m in Sources */,
				D3C1DB5F1B20DD3600C941F4 /* SDImageCache.m in Sources */,
			);
			runOnlyForDeploymentPostprocessing = 0;
		};
		D342CD851B1FE74200FB135D /* Sources */ = {
			isa = PBXSourcesBuildPhase;
			buildActionMask = 2147483647;
			files = (
				D342CD901B1FE74200FB135D /* OneMenu_DeliveryTests.m in Sources */,
			);
			runOnlyForDeploymentPostprocessing = 0;
		};
/* End PBXSourcesBuildPhase section */

/* Begin PBXTargetDependency section */
		434354F8EDDBB2B071FB724A /* PBXTargetDependency */ = {
			isa = PBXTargetDependency;
			name = OneMenu_Delivery;
			target = D342CD6F1B1FE74200FB135D /* OneMenu_Delivery */;
			targetProxy = 6A88AE25EC9D8C8DC98630BC /* PBXContainerItemProxy */;
		};
		D342CD8B1B1FE74200FB135D /* PBXTargetDependency */ = {
			isa = PBXTargetDependency;
			target = D342CD6F1B1FE74200FB135D /* OneMenu_Delivery */;
			targetProxy = D342CD8A1B1FE74200FB135D /* PBXContainerItemProxy */;
		};
/* End PBXTargetDependency section */

/* Begin PBXVariantGroup section */
		D342CD821B1FE74200FB135D /* LaunchScreen.xib */ = {
			isa = PBXVariantGroup;
			children = (
				D342CD831B1FE74200FB135D /* Base */,
			);
			name = LaunchScreen.xib;
			sourceTree = "<group>";
		};
/* End PBXVariantGroup section */

/* Begin XCBuildConfiguration section */
		A1F4FC598D38B4B833CB1EE9 /* Release */ = {
			isa = XCBuildConfiguration;
			baseConfigurationReference = A00842B8774C26F4032F1811 /* Pods-Tests.release.xcconfig */;
			buildSettings = {
				ASSETCATALOG_COMPILER_APPICON_NAME = AppIcon;
				"CODE_SIGN_IDENTITY[sdk=iphoneos*]" = "iPhone Developer";
				ENABLE_STRICT_OBJC_MSGSEND = YES;
				INFOPLIST_FILE = "Tests/Tests-Info.plist";
				IPHONEOS_DEPLOYMENT_TARGET = 7.0;
				LD_RUNPATH_SEARCH_PATHS = "$(inherited) @executable_path/Frameworks";
				MTL_ENABLE_DEBUG_INFO = NO;
				PRODUCT_NAME = "$(TARGET_NAME)";
				SDKROOT = iphoneos;
			};
			name = Release;
		};
		D342CD911B1FE74200FB135D /* Debug */ = {
			isa = XCBuildConfiguration;
			buildSettings = {
				ALWAYS_SEARCH_USER_PATHS = NO;
				CLANG_CXX_LANGUAGE_STANDARD = "gnu++0x";
				CLANG_CXX_LIBRARY = "libc++";
				CLANG_ENABLE_MODULES = YES;
				CLANG_ENABLE_OBJC_ARC = YES;
				CLANG_WARN_BOOL_CONVERSION = YES;
				CLANG_WARN_CONSTANT_CONVERSION = YES;
				CLANG_WARN_DIRECT_OBJC_ISA_USAGE = YES_ERROR;
				CLANG_WARN_EMPTY_BODY = YES;
				CLANG_WARN_ENUM_CONVERSION = YES;
				CLANG_WARN_INT_CONVERSION = YES;
				CLANG_WARN_OBJC_ROOT_CLASS = YES_ERROR;
				CLANG_WARN_UNREACHABLE_CODE = YES;
				CLANG_WARN__DUPLICATE_METHOD_MATCH = YES;
				"CODE_SIGN_IDENTITY[sdk=iphoneos*]" = "iPhone Developer";
				COPY_PHASE_STRIP = NO;
				ENABLE_STRICT_OBJC_MSGSEND = YES;
				GCC_C_LANGUAGE_STANDARD = gnu99;
				GCC_DYNAMIC_NO_PIC = NO;
				GCC_OPTIMIZATION_LEVEL = 0;
				GCC_PREPROCESSOR_DEFINITIONS = (
					"DEBUG=1",
					"$(inherited)",
				);
				GCC_SYMBOLS_PRIVATE_EXTERN = NO;
				GCC_WARN_64_TO_32_BIT_CONVERSION = YES;
				GCC_WARN_ABOUT_RETURN_TYPE = YES_ERROR;
				GCC_WARN_UNDECLARED_SELECTOR = YES;
				GCC_WARN_UNINITIALIZED_AUTOS = YES_AGGRESSIVE;
				GCC_WARN_UNUSED_FUNCTION = YES;
				GCC_WARN_UNUSED_VARIABLE = YES;
				IPHONEOS_DEPLOYMENT_TARGET = 8.2;
				MTL_ENABLE_DEBUG_INFO = YES;
				ONLY_ACTIVE_ARCH = YES;
				SDKROOT = iphoneos;
			};
			name = Debug;
		};
		D342CD921B1FE74200FB135D /* Release */ = {
			isa = XCBuildConfiguration;
			buildSettings = {
				ALWAYS_SEARCH_USER_PATHS = NO;
				CLANG_CXX_LANGUAGE_STANDARD = "gnu++0x";
				CLANG_CXX_LIBRARY = "libc++";
				CLANG_ENABLE_MODULES = YES;
				CLANG_ENABLE_OBJC_ARC = YES;
				CLANG_WARN_BOOL_CONVERSION = YES;
				CLANG_WARN_CONSTANT_CONVERSION = YES;
				CLANG_WARN_DIRECT_OBJC_ISA_USAGE = YES_ERROR;
				CLANG_WARN_EMPTY_BODY = YES;
				CLANG_WARN_ENUM_CONVERSION = YES;
				CLANG_WARN_INT_CONVERSION = YES;
				CLANG_WARN_OBJC_ROOT_CLASS = YES_ERROR;
				CLANG_WARN_UNREACHABLE_CODE = YES;
				CLANG_WARN__DUPLICATE_METHOD_MATCH = YES;
				"CODE_SIGN_IDENTITY[sdk=iphoneos*]" = "iPhone Developer";
				COPY_PHASE_STRIP = NO;
				ENABLE_NS_ASSERTIONS = NO;
				ENABLE_STRICT_OBJC_MSGSEND = YES;
				GCC_C_LANGUAGE_STANDARD = gnu99;
				GCC_WARN_64_TO_32_BIT_CONVERSION = YES;
				GCC_WARN_ABOUT_RETURN_TYPE = YES_ERROR;
				GCC_WARN_UNDECLARED_SELECTOR = YES;
				GCC_WARN_UNINITIALIZED_AUTOS = YES_AGGRESSIVE;
				GCC_WARN_UNUSED_FUNCTION = YES;
				GCC_WARN_UNUSED_VARIABLE = YES;
				IPHONEOS_DEPLOYMENT_TARGET = 8.2;
				MTL_ENABLE_DEBUG_INFO = NO;
				SDKROOT = iphoneos;
				VALIDATE_PRODUCT = YES;
			};
			name = Release;
		};
		D342CD941B1FE74200FB135D /* Debug */ = {
			isa = XCBuildConfiguration;
			baseConfigurationReference = AD1830CEE718D24805970E6B /* Pods.debug.xcconfig */;
			buildSettings = {
				ASSETCATALOG_COMPILER_APPICON_NAME = AppIcon;
				CODE_SIGN_IDENTITY = "iPhone Developer: Hanyuan Zhu (Y2RBN8URX2)";
				INFOPLIST_FILE = OneMenu_Delivery/Info.plist;
				IPHONEOS_DEPLOYMENT_TARGET = 7.0;
				LD_RUNPATH_SEARCH_PATHS = "$(inherited) @executable_path/Frameworks";
				PRODUCT_NAME = "$(TARGET_NAME)";
				PROVISIONING_PROFILE = "460e00ea-54a4-4d8e-b68f-296466716f56";
			};
			name = Debug;
		};
		D342CD951B1FE74200FB135D /* Release */ = {
			isa = XCBuildConfiguration;
			baseConfigurationReference = C846198920FFA18014A6A620 /* Pods.release.xcconfig */;
			buildSettings = {
				ASSETCATALOG_COMPILER_APPICON_NAME = AppIcon;
				CODE_SIGN_IDENTITY = "iPhone Developer: Hanyuan Zhu (Y2RBN8URX2)";
				INFOPLIST_FILE = OneMenu_Delivery/Info.plist;
				IPHONEOS_DEPLOYMENT_TARGET = 7.0;
				LD_RUNPATH_SEARCH_PATHS = "$(inherited) @executable_path/Frameworks";
				PRODUCT_NAME = "$(TARGET_NAME)";
				PROVISIONING_PROFILE = "460e00ea-54a4-4d8e-b68f-296466716f56";
			};
			name = Release;
		};
		D342CD971B1FE74200FB135D /* Debug */ = {
			isa = XCBuildConfiguration;
			buildSettings = {
				BUNDLE_LOADER = "$(TEST_HOST)";
				FRAMEWORK_SEARCH_PATHS = (
					"$(SDKROOT)/Developer/Library/Frameworks",
					"$(inherited)",
				);
				GCC_PREPROCESSOR_DEFINITIONS = (
					"DEBUG=1",
					"$(inherited)",
				);
				INFOPLIST_FILE = OneMenu_DeliveryTests/Info.plist;
				LD_RUNPATH_SEARCH_PATHS = "$(inherited) @executable_path/Frameworks @loader_path/Frameworks";
				PRODUCT_NAME = "$(TARGET_NAME)";
				TEST_HOST = "$(BUILT_PRODUCTS_DIR)/OneMenu_Delivery.app/OneMenu_Delivery";
			};
			name = Debug;
		};
		D342CD981B1FE74200FB135D /* Release */ = {
			isa = XCBuildConfiguration;
			buildSettings = {
				BUNDLE_LOADER = "$(TEST_HOST)";
				FRAMEWORK_SEARCH_PATHS = (
					"$(SDKROOT)/Developer/Library/Frameworks",
					"$(inherited)",
				);
				INFOPLIST_FILE = OneMenu_DeliveryTests/Info.plist;
				LD_RUNPATH_SEARCH_PATHS = "$(inherited) @executable_path/Frameworks @loader_path/Frameworks";
				PRODUCT_NAME = "$(TARGET_NAME)";
				TEST_HOST = "$(BUILT_PRODUCTS_DIR)/OneMenu_Delivery.app/OneMenu_Delivery";
			};
			name = Release;
		};
		E792F6A83A2826C5A646D25E /* Debug */ = {
			isa = XCBuildConfiguration;
			baseConfigurationReference = 0F43CF8DF820027DB55E8A12 /* Pods-Tests.debug.xcconfig */;
			buildSettings = {
				ASSETCATALOG_COMPILER_APPICON_NAME = AppIcon;
				"CODE_SIGN_IDENTITY[sdk=iphoneos*]" = "iPhone Developer";
				ENABLE_STRICT_OBJC_MSGSEND = YES;
				INFOPLIST_FILE = "Tests/Tests-Info.plist";
				IPHONEOS_DEPLOYMENT_TARGET = 7.0;
				LD_RUNPATH_SEARCH_PATHS = "$(inherited) @executable_path/Frameworks";
				MTL_ENABLE_DEBUG_INFO = YES;
				PRODUCT_NAME = "$(TARGET_NAME)";
				SDKROOT = iphoneos;
			};
			name = Debug;
		};
/* End XCBuildConfiguration section */

/* Begin XCConfigurationList section */
		A536878702F8D59602E7874E /* Build configuration list for PBXNativeTarget "Tests" */ = {
			isa = XCConfigurationList;
			buildConfigurations = (
				A1F4FC598D38B4B833CB1EE9 /* Release */,
				E792F6A83A2826C5A646D25E /* Debug */,
			);
			defaultConfigurationIsVisible = 0;
			defaultConfigurationName = Release;
		};
		D342CD6B1B1FE74200FB135D /* Build configuration list for PBXProject "OneMenu_Delivery" */ = {
			isa = XCConfigurationList;
			buildConfigurations = (
				D342CD911B1FE74200FB135D /* Debug */,
				D342CD921B1FE74200FB135D /* Release */,
			);
			defaultConfigurationIsVisible = 0;
			defaultConfigurationName = Release;
		};
		D342CD931B1FE74200FB135D /* Build configuration list for PBXNativeTarget "OneMenu_Delivery" */ = {
			isa = XCConfigurationList;
			buildConfigurations = (
				D342CD941B1FE74200FB135D /* Debug */,
				D342CD951B1FE74200FB135D /* Release */,
			);
			defaultConfigurationIsVisible = 0;
			defaultConfigurationName = Release;
		};
		D342CD961B1FE74200FB135D /* Build configuration list for PBXNativeTarget "OneMenu_DeliveryTests" */ = {
			isa = XCConfigurationList;
			buildConfigurations = (
				D342CD971B1FE74200FB135D /* Debug */,
				D342CD981B1FE74200FB135D /* Release */,
			);
			defaultConfigurationIsVisible = 0;
			defaultConfigurationName = Release;
		};
/* End XCConfigurationList section */
	};
	rootObject = D342CD681B1FE74200FB135D /* Project object */;
}
